
Microsoft Visual Studio Solution File, Format Version 12.00
# Visual Studio Version 17
VisualStudioVersion = 17.7.34031.279
MinimumVisualStudioVersion = 10.0.40219.1
Project("{9A19103F-16F7-4668-BE54-9A1E7A4F7556}") = "Sube1.EmlakciApp", "Sube1.EmlakciApp\Sube1.EmlakciApp.csproj", "{D6B21869-1E79-43BE-B587-026A379AD276}"
EndProject
Project("{FAE04EC0-301F-11D3-BF4B-00C04F79EFBC}") = "Sube1.EmlakciLib", "Sube1.EmlakciLib\Sube1.EmlakciLib.csproj", "{2069773E-B59C-407D-955F-E54BAEE9A886}"
EndProject
Global
	GlobalSection(SolutionConfigurationPlatforms) = preSolution
		Debug|Any CPU = Debug|Any CPU
		Release|Any CPU = Release|Any CPU
	EndGlobalSection
	GlobalSection(ProjectConfigurationPlatforms) = postSolution
		{D6B21869-1E79-43BE-B587-026A379AD276}.Debug|Any CPU.ActiveCfg = Debug|Any CPU
		{D6B21869-1E79-43BE-B587-026A379AD276}.Debug|Any CPU.Build.0 = Debug|Any CPU
		{D6B21869-1E79-43BE-B587-026A379AD276}.Release|Any CPU.ActiveCfg = Release|Any CPU
		{D6B21869-1E79-43BE-B587-026A379AD276}.Release|Any CPU.Build.0 = Release|Any CPU
		{2069773E-B59C-407D-955F-E54BAEE9A886}.Debug|Any CPU.ActiveCfg = Debug|Any CPU
		{2069773E-B59C-407D-955F-E54BAEE9A886}.Debug|Any CPU.Build.0 = Debug|Any CPU
		{2069773E-B59C-407D-955F-E54BAEE9A886}.Release|Any CPU.ActiveCfg = Release|Any CPU
		{2069773E-B59C-407D-955F-E54BAEE9A886}.Release|Any CPU.Build.0 = Release|Any CPU
	EndGlobalSection
	GlobalSection(SolutionProperties) = preSolution
		HideSolutionNode = FALSE
	EndGlobalSection
	GlobalSection(ExtensibilityGlobals) = postSolution
		SolutionGuid = {488F711D-8D92-4D70-A1E4-0E78CA899E0E}
	EndGlobalSection
EndGlobal
